# This file is automatically @generated by Poetry 1.8.3 and should not be changed by hand.

[[package]]
name = "bottle"
version = "0.12.25"
description = "Fast and simple WSGI-framework for small web-applications."
optional = false
python-versions = "*"
files = [
    {file = "bottle-0.12.25-py3-none-any.whl", hash = "sha256:d6f15f9d422670b7c073d63bd8d287b135388da187a0f3e3c19293626ce034ea"},
    {file = "bottle-0.12.25.tar.gz", hash = "sha256:e1a9c94970ae6d710b3fb4526294dfeb86f2cb4a81eff3a4b98dc40fb0e5e021"},
]

[[package]]
name = "packaging"
version = "24.0"
description = "Core utilities for Python packages"
optional = false
python-versions = ">=3.7"
files = [
    {file = "packaging-24.0-py3-none-any.whl", hash = "sha256:2ddfb553fdf02fb784c234c7ba6ccc288296ceabec964ad2eae3777778130bc5"},
    {file = "packaging-24.0.tar.gz", hash = "sha256:eb82c5e3e56209074766e6885bb04b8c38a0c015d0a30036ebe7ece34c9989e9"},
]

[[package]]
name = "proxy-tools"
version = "0.1.0"
description = "Proxy Implementation"
optional = false
python-versions = "*"
files = [
    {file = "proxy_tools-0.1.0.tar.gz", hash = "sha256:ccb3751f529c047e2d8a58440d86b205303cf0fe8146f784d1cbcd94f0a28010"},
]

[[package]]
name = "pycparser"
version = "2.22"
description = "C parser in Python"
optional = false
python-versions = ">=3.8"
files = [
    {file = "pycparser-2.22-py3-none-any.whl", hash = "sha256:c3702b6d3dd8c7abc1afa565d7e63d53a1d0bd86cdc24edd75470f4de499cfcc"},
    {file = "pycparser-2.22.tar.gz", hash = "sha256:491c8be9c040f5390f5bf44a5b07752bd07f56edf992381b05c701439eec10f6"},
]

[[package]]
name = "pyobjc-core"
version = "10.3"
description = "Python<->ObjC Interoperability Module"
optional = false
python-versions = ">=3.8"
files = [
    {file = "pyobjc_core-10.3-cp310-cp310-macosx_10_9_universal2.whl", hash = "sha256:713dd174e3fd4bfb975949d7314c778d02909d5c017497408d8eedcedab73a42"},
    {file = "pyobjc_core-10.3-cp311-cp311-macosx_10_9_universal2.whl", hash = "sha256:9eca0c6d3923e8f5c4a86831e446f2995958525ff0c6a01f6f4fa8de0cb25c8a"},
    {file = "pyobjc_core-10.3-cp312-cp312-macosx_10_9_universal2.whl", hash = "sha256:50dfe3bd7295f04445cf3134113578678a188ca4fb0869e821369a2d288492dc"},
    {file = "pyobjc_core-10.3-cp313-cp313-macosx_10_9_universal2.whl", hash = "sha256:13511c0ab3235486d4560e9923ed96db76357e7c7e70e0629fee9425b0a8d901"},
    {file = "pyobjc_core-10.3-cp38-cp38-macosx_10_9_x86_64.whl", hash = "sha256:a7e3a0625f9370ef86a2529be0d22dd3dc48326a7a28113bc6f24d4bf866d076"},
    {file = "pyobjc_core-10.3-cp38-cp38-macosx_11_0_universal2.whl", hash = "sha256:7a17321d2e226ca43a8f70f8bc823cfaa58ff9d9cdedcd16708d4eec9ca808b2"},
    {file = "pyobjc_core-10.3-cp39-cp39-macosx_10_9_universal2.whl", hash = "sha256:5c2bfb2f9fcb9f291a64041a336aab1b34a20dbbf4f77fca3057a7d8ef9ce9c5"},
    {file = "pyobjc_core-10.3.tar.gz", hash = "sha256:875f2555b51a8a36cafbdb7d5d36f3452287a81bd5d7dc09aa6c309d638a9275"},
]

[[package]]
name = "pyobjc-framework-cocoa"
version = "10.3"
description = "Wrappers for the Cocoa frameworks on macOS"
optional = false
python-versions = ">=3.8"
files = [
    {file = "pyobjc_framework_Cocoa-10.3-cp310-cp310-macosx_10_9_universal2.whl", hash = "sha256:745fcd99cc9ca1827a5b6fa2127d12023428f8ce2047afefc57b1e69f185750f"},
    {file = "pyobjc_framework_Cocoa-10.3-cp311-cp311-macosx_10_9_universal2.whl", hash = "sha256:116b79be8e9756047a9b6f90d2f08c0e640ff86fcea85ca553dbbb4b121b390f"},
    {file = "pyobjc_framework_Cocoa-10.3-cp312-cp312-macosx_10_9_universal2.whl", hash = "sha256:08ccc260d3481ddf03784f7dcf2cc7a4e9d8f1ecdf727cb4f80cde7b88416c39"},
    {file = "pyobjc_framework_Cocoa-10.3-cp313-cp313-macosx_10_9_universal2.whl", hash = "sha256:277f5e4d4fab0d431cb5f07fc161a3076cb365099977e748c6a255e94eaad137"},
    {file = "pyobjc_framework_Cocoa-10.3-cp38-cp38-macosx_10_9_x86_64.whl", hash = "sha256:008e5ca144a378513ee5f8c5a9009e8b4401ec09edda3648b01f8d8b640b3152"},
    {file = "pyobjc_framework_Cocoa-10.3-cp38-cp38-macosx_11_0_universal2.whl", hash = "sha256:3c3f9806aa04dc1cd08e18a98a97629f0d0581fa0d6a71e739934f02e8b1a8df"},
    {file = "pyobjc_framework_Cocoa-10.3-cp39-cp39-macosx_10_9_universal2.whl", hash = "sha256:fb89620f96d5d0d52a158faeab1b568bed6fa6d0c4f883198e60e60a14db1360"},
    {file = "pyobjc_framework_cocoa-10.3.tar.gz", hash = "sha256:d39f90ffe04143911060c392e62b9514f14caaba119657d6e2b8b197af49e117"},
]

[package.dependencies]
pyobjc-core = ">=10.3"

[[package]]
name = "pyobjc-framework-security"
version = "10.3"
description = "Wrappers for the framework Security on macOS"
optional = false
python-versions = ">=3.8"
files = [
    {file = "pyobjc_framework_Security-10.3-cp310-cp310-macosx_10_9_universal2.whl", hash = "sha256:e4df7ea48f93034dd784277d4456c83abd79060a9a5847c5604f664d39ea45da"},
    {file = "pyobjc_framework_Security-10.3-cp311-cp311-macosx_10_9_universal2.whl", hash = "sha256:9dc80b7b694ff5594742624a9fade022829a09a79c1c6b97eef97d33d49f7f4c"},
    {file = "pyobjc_framework_Security-10.3-cp312-cp312-macosx_10_9_universal2.whl", hash = "sha256:6d1ddb3fd3cc11aa621f414277c9daf9481894fa5fbe99e2430a3fd2773e81a2"},
    {file = "pyobjc_framework_Security-10.3-cp313-cp313-macosx_10_9_universal2.whl", hash = "sha256:aa8737b6a367550e3d12e0c71c267346b5ec235b62364bc17d0a2b883d175933"},
    {file = "pyobjc_framework_Security-10.3-cp38-cp38-macosx_10_9_x86_64.whl", hash = "sha256:2fbd7a004361a28cbf4775820589a9b79443f13720d0cf755df066dc3fbbb98b"},
    {file = "pyobjc_framework_Security-10.3-cp38-cp38-macosx_11_0_universal2.whl", hash = "sha256:e3d342a0741bb13da470dda087499a67c9e2bf27ee0d3a490e797ffb88cf9443"},
    {file = "pyobjc_framework_Security-10.3-cp39-cp39-macosx_10_9_universal2.whl", hash = "sha256:07b34541ce0960e924be8ef4a40b35a3b85104b61684d67a3063826f657122c2"},
    {file = "pyobjc_framework_security-10.3.tar.gz", hash = "sha256:1be270a9205d9f392a658a267dec9ec602d6a98448419541f0005dc80da97013"},
]

[package.dependencies]
pyobjc-core = ">=10.3"
pyobjc-framework-Cocoa = ">=10.3"

[[package]]
name = "pyobjc-framework-webkit"
version = "10.3"
description = "Wrappers for the framework WebKit on macOS"
optional = false
python-versions = ">=3.8"
files = [
    {file = "pyobjc_framework_WebKit-10.3-cp36-abi3-macosx_10_9_universal2.whl", hash = "sha256:2f66212dffcf419a7b8a462fca22f76d7a2d534b4deb15a499d38e026f005985"},
    {file = "pyobjc_framework_WebKit-10.3-cp36-abi3-macosx_10_9_x86_64.whl", hash = "sha256:2d6d1174d63b6d9ea3247761431812ce30722fbdac93443d6563b4ea45a3323d"},
    {file = "pyobjc_framework_WebKit-10.3-cp36-abi3-macosx_11_0_universal2.whl", hash = "sha256:ca76f5c17f559c59338cd55342d6bd9d2f24f536c64095383b55802b6639d648"},
    {file = "pyobjc_framework_webkit-10.3.tar.gz", hash = "sha256:600a0033bf42114795b032c23139c0679aad236cb964961130ba3cd96da026ff"},
]

[package.dependencies]
pyobjc-core = ">=10.3"
pyobjc-framework-Cocoa = ">=10.3"

[[package]]
name = "pythonnet"
version = "2.5.2"
description = ".Net and Mono integration for Python"
optional = false
python-versions = "*"
files = [
    {file = "pythonnet-2.5.2-cp27-cp27m-win32.whl", hash = "sha256:d519bbc7b1cd3999651efc594d91cb67c46d1d8466dad3d83b578102e58d05bd"},
    {file = "pythonnet-2.5.2-cp27-cp27m-win_amd64.whl", hash = "sha256:c02f53d0e61b202cddf3198fac9553d5b4ee0ea0cc4fe658c2ed69ab24def276"},
    {file = "pythonnet-2.5.2-cp35-cp35m-win32.whl", hash = "sha256:840bdef89b378663d73f74f18895b6d8630d1f5671457a1db5ffb68179d85582"},
    {file = "pythonnet-2.5.2-cp35-cp35m-win_amd64.whl", hash = "sha256:d8e5b27de1e2cfb69b88782ac5cdf605b1a73598a85d86570e46961126628dbb"},
    {file = "pythonnet-2.5.2-cp36-cp36m-win32.whl", hash = "sha256:62645c29840c4a877d66e047f3e065b2e5a1a66431a99bce8d42a5af3a093ee1"},
    {file = "pythonnet-2.5.2-cp36-cp36m-win_amd64.whl", hash = "sha256:058e536062d1585d07ec5f2cf16aefcfc8eb8179faa90e5db0063d358469d025"},
    {file = "pythonnet-2.5.2-cp37-cp37m-win32.whl", hash = "sha256:cc77fc63e2afb0a80199ab44ced4fdfb78c19d8030063c345c80740d15380dd9"},
    {file = "pythonnet-2.5.2-cp37-cp37m-win_amd64.whl", hash = "sha256:80c8f5c9bd10440a73eb6aedbbacb2f3dd7701b474816f5ef7636f529d838d38"},
    {file = "pythonnet-2.5.2-cp38-cp38-win32.whl", hash = "sha256:41a607b7304e9efc6d4d8db438d6018a17c6637e8b8998848ff5c2a7a1b4687c"},
    {file = "pythonnet-2.5.2-cp38-cp38-win_amd64.whl", hash = "sha256:00a4fed9fc05b4efbe8947c79dc0799cffbca4c89e3e068e70b6618f20c906f2"},
    {file = "pythonnet-2.5.2.tar.gz", hash = "sha256:b7287480a1f6ae4b6fc80d775446d8af00e051ca1646b6cc3d32c5d3a461ede3"},
]

[package.dependencies]
pycparser = "*"

[[package]]
name = "pywebview"
version = "5.1"
description = "Build GUI for your Python program with JavaScript, HTML, and CSS"
optional = false
python-versions = ">=3.7"
files = [
    {file = "pywebview-5.1-py3-none-any.whl", hash = "sha256:e352f587f82c173b28981fa0c893fab6124eb40d18c312e2bebf5346ab9f9f2c"},
    {file = "pywebview-5.1.tar.gz", hash = "sha256:87eb60c299de5f20269aa18588ca6dd0d79580df5adc6edf8ac1e184fbe4885c"},
]

[package.dependencies]
bottle = "*"
proxy-tools = "*"
pyobjc-core = {version = "*", markers = "sys_platform == \"darwin\""}
pyobjc-framework-Cocoa = {version = "*", markers = "sys_platform == \"darwin\""}
pyobjc-framework-security = {version = "*", markers = "sys_platform == \"darwin\""}
pyobjc-framework-WebKit = {version = "*", markers = "sys_platform == \"darwin\""}
pythonnet = {version = "*", markers = "sys_platform == \"win32\""}
QtPy = {version = "*", markers = "sys_platform == \"openbsd6\""}
typing-extensions = "*"

[package.extras]
android = ["jnius", "kivy"]
cef = ["cefpython3"]
gtk = ["PyGObject", "PyGObject-stubs"]
pyside2 = ["PySide2", "QtPy"]
pyside6 = ["PySide6", "QtPy"]
qt = ["PyQt5", "QtPy", "pyqtwebengine"]

[[package]]
name = "qtpy"
version = "2.4.1"
description = "Provides an abstraction layer on top of the various Qt bindings (PyQt5/6 and PySide2/6)."
optional = false
python-versions = ">=3.7"
files = [
    {file = "QtPy-2.4.1-py3-none-any.whl", hash = "sha256:1c1d8c4fa2c884ae742b069151b0abe15b3f70491f3972698c683b8e38de839b"},
    {file = "QtPy-2.4.1.tar.gz", hash = "sha256:a5a15ffd519550a1361bdc56ffc07fda56a6af7292f17c7b395d4083af632987"},
]

[package.dependencies]
packaging = "*"

[package.extras]
test = ["pytest (>=6,!=7.0.0,!=7.0.1)", "pytest-cov (>=3.0.0)", "pytest-qt"]

[[package]]
name = "typing-extensions"
version = "4.12.2"
description = "Backported and Experimental Type Hints for Python 3.8+"
optional = false
python-versions = ">=3.8"
files = [
    {file = "typing_extensions-4.12.2-py3-none-any.whl", hash = "sha256:04e5ca0351e0f3f85c6853954072df659d0d13fac324d0072316b67d7794700d"},
    {file = "typing_extensions-4.12.2.tar.gz", hash = "sha256:1a7ead55c7e559dd4dee8856e3a88b41225abfe1ce8df57b7c13915fe121ffb8"},
]

[metadata]
lock-version = "2.0"
python-versions = "^3.12"
content-hash = "4e1294a0fb64a140f890635c97bc84b287664a2ce35cbfd8a16ee01831542ae2"
